
Microsoft Visual Studio Solution File, Format Version 12.00
# Visual Studio 15
Project("{FAE04EC0-301F-11D3-BF4B-00C04F79EFBC}") = "Boxophobic.Utils.Editor", "Boxophobic.Utils.Editor.csproj", "{2E0232C2-977D-CE97-83F5-1E0DBE058662}"
EndProject
Project("{FAE04EC0-301F-11D3-BF4B-00C04F79EFBC}") = "Assembly-CSharp", "Assembly-CSharp.csproj", "{D2E68C53-E7C4-3DDE-DF68-8AAB2B81FC59}"
EndProject
Project("{FAE04EC0-301F-11D3-BF4B-00C04F79EFBC}") = "Boxophobic.Utils.Scripts", "Boxophobic.Utils.Scripts.csproj", "{12EF520E-FE37-5FED-D2B3-93078A522359}"
EndProject
Project("{FAE04EC0-301F-11D3-BF4B-00C04F79EFBC}") = "Boxophobic.SkyboxCubemapExtended.Editor", "Boxophobic.SkyboxCubemapExtended.Editor.csproj", "{CD366A0A-0263-04E2-8B6C-6B43F5668C52}"
EndProject
Global
	GlobalSection(SolutionConfigurationPlatforms) = preSolution
		Debug|Any CPU = Debug|Any CPU
		Release|Any CPU = Release|Any CPU
	EndGlobalSection
	GlobalSection(ProjectConfigurationPlatforms) = postSolution
		{2E0232C2-977D-CE97-83F5-1E0DBE058662}.Debug|Any CPU.ActiveCfg = Debug|Any CPU
		{2E0232C2-977D-CE97-83F5-1E0DBE058662}.Debug|Any CPU.Build.0 = Debug|Any CPU
		{2E0232C2-977D-CE97-83F5-1E0DBE058662}.Release|Any CPU.ActiveCfg = Release|Any CPU
		{2E0232C2-977D-CE97-83F5-1E0DBE058662}.Release|Any CPU.Build.0 = Release|Any CPU
		{D2E68C53-E7C4-3DDE-DF68-8AAB2B81FC59}.Debug|Any CPU.ActiveCfg = Debug|Any CPU
		{D2E68C53-E7C4-3DDE-DF68-8AAB2B81FC59}.Debug|Any CPU.Build.0 = Debug|Any CPU
		{D2E68C53-E7C4-3DDE-DF68-8AAB2B81FC59}.Release|Any CPU.ActiveCfg = Release|Any CPU
		{D2E68C53-E7C4-3DDE-DF68-8AAB2B81FC59}.Release|Any CPU.Build.0 = Release|Any CPU
		{12EF520E-FE37-5FED-D2B3-93078A522359}.Debug|Any CPU.ActiveCfg = Debug|Any CPU
		{12EF520E-FE37-5FED-D2B3-93078A522359}.Debug|Any CPU.Build.0 = Debug|Any CPU
		{12EF520E-FE37-5FED-D2B3-93078A522359}.Release|Any CPU.ActiveCfg = Release|Any CPU
		{12EF520E-FE37-5FED-D2B3-93078A522359}.Release|Any CPU.Build.0 = Release|Any CPU
		{CD366A0A-0263-04E2-8B6C-6B43F5668C52}.Debug|Any CPU.ActiveCfg = Debug|Any CPU
		{CD366A0A-0263-04E2-8B6C-6B43F5668C52}.Debug|Any CPU.Build.0 = Debug|Any CPU
		{CD366A0A-0263-04E2-8B6C-6B43F5668C52}.Release|Any CPU.ActiveCfg = Release|Any CPU
		{CD366A0A-0263-04E2-8B6C-6B43F5668C52}.Release|Any CPU.Build.0 = Release|Any CPU
	EndGlobalSection
	GlobalSection(SolutionProperties) = preSolution
		HideSolutionNode = FALSE
	EndGlobalSection
EndGlobal
